// !$*UTF8*$!
{
	archiveVersion = 1;
	classes = {
	};
	objectVersion = 46;
	objects = {

/* Begin PBXBuildFile section */
		3F159E081A99AEF500160823 /* TimerPopoverView.xib in Resources */ = {isa = PBXBuildFile; fileRef = 3F159E0A1A99AEF500160823 /* TimerPopoverView.xib */; };
		3F159E131A99B90700160823 /* Preferences.xib in Resources */ = {isa = PBXBuildFile; fileRef = 3F159E121A99B90700160823 /* Preferences.xib */; };
		3F159E161A99BE4C00160823 /* PreferenceController.m in Sources */ = {isa = PBXBuildFile; fileRef = 3F159E151A99BE4C00160823 /* PreferenceController.m */; };
		3F1AB5271A9714D600797296 /* AppDelegate.m in Sources */ = {isa = PBXBuildFile; fileRef = 3F1AB5261A9714D600797296 /* AppDelegate.m */; };
		3F1AB5291A9714D600797296 /* main.m in Sources */ = {isa = PBXBuildFile; fileRef = 3F1AB5281A9714D600797296 /* main.m */; };
		3F1AB52B1A9714D600797296 /* Images.xcassets in Resources */ = {isa = PBXBuildFile; fileRef = 3F1AB52A1A9714D600797296 /* Images.xcassets */; };
		3F1AB52E1A9714D600797296 /* MainMenu.xib in Resources */ = {isa = PBXBuildFile; fileRef = 3F1AB52C1A9714D600797296 /* MainMenu.xib */; };
		3F1AB53A1A9714D600797296 /* HaltTests.m in Sources */ = {isa = PBXBuildFile; fileRef = 3F1AB5391A9714D600797296 /* HaltTests.m */; };
		3F1AB54B1A97757900797296 /* TimerPopoverDelegate.m in Sources */ = {isa = PBXBuildFile; fileRef = 3F1AB54A1A97757900797296 /* TimerPopoverDelegate.m */; };
		3F1AB54E1A97760000797296 /* TimerLogic.m in Sources */ = {isa = PBXBuildFile; fileRef = 3F1AB54D1A97760000797296 /* TimerLogic.m */; };
		3F1AB5531A981F9200797296 /* TimerPopoverViewController.m in Sources */ = {isa = PBXBuildFile; fileRef = 3F1AB5521A981F9200797296 /* TimerPopoverViewController.m */; };
		3F1AB5551A98200F00797296 /* TimerPopoverWindow.xib in Resources */ = {isa = PBXBuildFile; fileRef = 3F1AB5541A98200F00797296 /* TimerPopoverWindow.xib */; };
		3F1AB55A1A98904100797296 /* TimerInfo.m in Sources */ = {isa = PBXBuildFile; fileRef = 3F1AB5591A98904100797296 /* TimerInfo.m */; };
		3F30E04C1A99A2A200FE5397 /* RHStatusItemView.m in Sources */ = {isa = PBXBuildFile; fileRef = 3F30E04B1A99A2A200FE5397 /* RHStatusItemView.m */; };
		3F30E0511A99ACCE00FE5397 /* InfoPlist.strings in Resources */ = {isa = PBXBuildFile; fileRef = 3F30E0531A99ACCE00FE5397 /* InfoPlist.strings */; };
		3F30E0561A99ACCE00FE5397 /* InfoPlist.strings in Resources */ = {isa = PBXBuildFile; fileRef = 3F30E0581A99ACCE00FE5397 /* InfoPlist.strings */; };
		3F30E05B1A99ACCF00FE5397 /* Localizable.strings in Resources */ = {isa = PBXBuildFile; fileRef = 3F30E05D1A99ACCF00FE5397 /* Localizable.strings */; };
/* End PBXBuildFile section */

/* Begin PBXContainerItemProxy section */
		3F1AB5341A9714D600797296 /* PBXContainerItemProxy */ = {
			isa = PBXContainerItemProxy;
			containerPortal = 3F1AB5181A9714D600797296 /* Project object */;
			proxyType = 1;
			remoteGlobalIDString = 3F1AB51F1A9714D600797296;
			remoteInfo = Halt;
		};
/* End PBXContainerItemProxy section */

/* Begin PBXFileReference section */
		3F159E091A99AEF500160823 /* Base */ = {isa = PBXFileReference; lastKnownFileType = file.xib; name = Base; path = Base.lproj/TimerPopoverView.xib; sourceTree = "<group>"; };
		3F159E0F1A99B0F400160823 /* zh-Hans */ = {isa = PBXFileReference; lastKnownFileType = text.plist.strings; name = "zh-Hans"; path = "zh-Hans.lproj/MainMenu.strings"; sourceTree = "<group>"; };
		3F159E111A99B12500160823 /* zh-Hans */ = {isa = PBXFileReference; lastKnownFileType = text.plist.strings; name = "zh-Hans"; path = "zh-Hans.lproj/TimerPopoverView.strings"; sourceTree = "<group>"; };
		3F159E121A99B90700160823 /* Preferences.xib */ = {isa = PBXFileReference; fileEncoding = 4; lastKnownFileType = file.xib; path = Preferences.xib; sourceTree = "<group>"; };
		3F159E141A99BE4C00160823 /* PreferenceController.h */ = {isa = PBXFileReference; fileEncoding = 4; lastKnownFileType = sourcecode.c.h; path = PreferenceController.h; sourceTree = "<group>"; };
		3F159E151A99BE4C00160823 /* PreferenceController.m */ = {isa = PBXFileReference; fileEncoding = 4; lastKnownFileType = sourcecode.c.objc; path = PreferenceController.m; sourceTree = "<group>"; };
		3F1AB5201A9714D600797296 /* Halt.app */ = {isa = PBXFileReference; explicitFileType = wrapper.application; includeInIndex = 0; path = Halt.app; sourceTree = BUILT_PRODUCTS_DIR; };
		3F1AB5241A9714D600797296 /* Info.plist */ = {isa = PBXFileReference; lastKnownFileType = text.plist.xml; path = Info.plist; sourceTree = "<group>"; };
		3F1AB5251A9714D600797296 /* AppDelegate.h */ = {isa = PBXFileReference; lastKnownFileType = sourcecode.c.h; path = AppDelegate.h; sourceTree = "<group>"; };
		3F1AB5261A9714D600797296 /* AppDelegate.m */ = {isa = PBXFileReference; lastKnownFileType = sourcecode.c.objc; path = AppDelegate.m; sourceTree = "<group>"; };
		3F1AB5281A9714D600797296 /* main.m */ = {isa = PBXFileReference; lastKnownFileType = sourcecode.c.objc; path = main.m; sourceTree = "<group>"; };
		3F1AB52A1A9714D600797296 /* Images.xcassets */ = {isa = PBXFileReference; lastKnownFileType = folder.assetcatalog; path = Images.xcassets; sourceTree = "<group>"; };
		3F1AB52D1A9714D600797296 /* Base */ = {isa = PBXFileReference; lastKnownFileType = file.xib; name = Base; path = Base.lproj/MainMenu.xib; sourceTree = "<group>"; };
		3F1AB5331A9714D600797296 /* HaltTests.xctest */ = {isa = PBXFileReference; explicitFileType = wrapper.cfbundle; includeInIndex = 0; path = HaltTests.xctest; sourceTree = BUILT_PRODUCTS_DIR; };
		3F1AB5381A9714D600797296 /* Info.plist */ = {isa = PBXFileReference; lastKnownFileType = text.plist.xml; path = Info.plist; sourceTree = "<group>"; };
		3F1AB5391A9714D600797296 /* HaltTests.m */ = {isa = PBXFileReference; lastKnownFileType = sourcecode.c.objc; path = HaltTests.m; sourceTree = "<group>"; };
		3F1AB5491A97757900797296 /* TimerPopoverDelegate.h */ = {isa = PBXFileReference; fileEncoding = 4; lastKnownFileType = sourcecode.c.h; path = TimerPopoverDelegate.h; sourceTree = "<group>"; };
		3F1AB54A1A97757900797296 /* TimerPopoverDelegate.m */ = {isa = PBXFileReference; fileEncoding = 4; lastKnownFileType = sourcecode.c.objc; path = TimerPopoverDelegate.m; sourceTree = "<group>"; };
		3F1AB54C1A97760000797296 /* TimerLogic.h */ = {isa = PBXFileReference; fileEncoding = 4; lastKnownFileType = sourcecode.c.h; path = TimerLogic.h; sourceTree = "<group>"; };
		3F1AB54D1A97760000797296 /* TimerLogic.m */ = {isa = PBXFileReference; fileEncoding = 4; lastKnownFileType = sourcecode.c.objc; path = TimerLogic.m; sourceTree = "<group>"; };
		3F1AB5511A981F9200797296 /* TimerPopoverViewController.h */ = {isa = PBXFileReference; fileEncoding = 4; lastKnownFileType = sourcecode.c.h; path = TimerPopoverViewController.h; sourceTree = "<group>"; };
		3F1AB5521A981F9200797296 /* TimerPopoverViewController.m */ = {isa = PBXFileReference; fileEncoding = 4; lastKnownFileType = sourcecode.c.objc; path = TimerPopoverViewController.m; sourceTree = "<group>"; };
		3F1AB5541A98200F00797296 /* TimerPopoverWindow.xib */ = {isa = PBXFileReference; fileEncoding = 4; lastKnownFileType = file.xib; path = TimerPopoverWindow.xib; sourceTree = "<group>"; };
		3F1AB5581A98904100797296 /* TimerInfo.h */ = {isa = PBXFileReference; fileEncoding = 4; lastKnownFileType = sourcecode.c.h; path = TimerInfo.h; sourceTree = "<group>"; };
		3F1AB5591A98904100797296 /* TimerInfo.m */ = {isa = PBXFileReference; fileEncoding = 4; lastKnownFileType = sourcecode.c.objc; path = TimerInfo.m; sourceTree = "<group>"; };
		3F30E04A1A99A2A200FE5397 /* RHStatusItemView.h */ = {isa = PBXFileReference; fileEncoding = 4; lastKnownFileType = sourcecode.c.h; path = RHStatusItemView.h; sourceTree = "<group>"; };
		3F30E04B1A99A2A200FE5397 /* RHStatusItemView.m */ = {isa = PBXFileReference; fileEncoding = 4; lastKnownFileType = sourcecode.c.objc; path = RHStatusItemView.m; sourceTree = "<group>"; };
		3F30E0521A99ACCE00FE5397 /* zh-Hans */ = {isa = PBXFileReference; lastKnownFileType = text.plist.strings; name = "zh-Hans"; path = "zh-Hans.lproj/InfoPlist.strings"; sourceTree = "<group>"; };
		3F30E0571A99ACCE00FE5397 /* zh-Hans */ = {isa = PBXFileReference; lastKnownFileType = text.plist.strings; name = "zh-Hans"; path = "zh-Hans.lproj/InfoPlist.strings"; sourceTree = "<group>"; };
		3F30E05C1A99ACCF00FE5397 /* zh-Hans */ = {isa = PBXFileReference; lastKnownFileType = text.plist.strings; name = "zh-Hans"; path = "zh-Hans.lproj/Localizable.strings"; sourceTree = "<group>"; };
		3FC9A35B1A9B0A9800ABC060 /* en */ = {isa = PBXFileReference; lastKnownFileType = text.plist.strings; name = en; path = en.lproj/Localizable.strings; sourceTree = "<group>"; };
/* End PBXFileReference section */

/* Begin PBXFrameworksBuildPhase section */
		3F1AB51D1A9714D600797296 /* Frameworks */ = {
			isa = PBXFrameworksBuildPhase;
			buildActionMask = 2147483647;
			files = (
			);
			runOnlyForDeploymentPostprocessing = 0;
		};
		3F1AB5301A9714D600797296 /* Frameworks */ = {
			isa = PBXFrameworksBuildPhase;
			buildActionMask = 2147483647;
			files = (
			);
			runOnlyForDeploymentPostprocessing = 0;
		};
/* End PBXFrameworksBuildPhase section */

/* Begin PBXGroup section */
		3F1AB5171A9714D600797296 = {
			isa = PBXGroup;
			children = (
				3F1AB5221A9714D600797296 /* Halt */,
				3F1AB5361A9714D600797296 /* HaltTests */,
				3F1AB5211A9714D600797296 /* Products */,
			);
			sourceTree = "<group>";
		};
		3F1AB5211A9714D600797296 /* Products */ = {
			isa = PBXGroup;
			children = (
				3F1AB5201A9714D600797296 /* Halt.app */,
				3F1AB5331A9714D600797296 /* HaltTests.xctest */,
			);
			name = Products;
			sourceTree = "<group>";
		};
		3F1AB5221A9714D600797296 /* Halt */ = {
			isa = PBXGroup;
			children = (
				3F30E04A1A99A2A200FE5397 /* RHStatusItemView.h */,
				3F30E04B1A99A2A200FE5397 /* RHStatusItemView.m */,
				3F1AB5251A9714D600797296 /* AppDelegate.h */,
				3F1AB5261A9714D600797296 /* AppDelegate.m */,
				3F1AB52C1A9714D600797296 /* MainMenu.xib */,
				3FC9A3511A9A018500ABC060 /* Preferences */,
				3FC9A3521A9A019500ABC060 /* Popover Control */,
				3FC9A3531A9A019E00ABC060 /* Timer */,
				3F1AB52A1A9714D600797296 /* Images.xcassets */,
				3F1AB5231A9714D600797296 /* Supporting Files */,
			);
			path = Halt;
			sourceTree = "<group>";
		};
		3F1AB5231A9714D600797296 /* Supporting Files */ = {
			isa = PBXGroup;
			children = (
				3F30E05D1A99ACCF00FE5397 /* Localizable.strings */,
				3F30E0581A99ACCE00FE5397 /* InfoPlist.strings */,
				3F1AB5241A9714D600797296 /* Info.plist */,
				3F1AB5281A9714D600797296 /* main.m */,
			);
			name = "Supporting Files";
			sourceTree = "<group>";
		};
		3F1AB5361A9714D600797296 /* HaltTests */ = {
			isa = PBXGroup;
			children = (
				3F1AB5391A9714D600797296 /* HaltTests.m */,
				3F1AB5371A9714D600797296 /* Supporting Files */,
			);
			path = HaltTests;
			sourceTree = "<group>";
		};
		3F1AB5371A9714D600797296 /* Supporting Files */ = {
			isa = PBXGroup;
			children = (
				3F30E0531A99ACCE00FE5397 /* InfoPlist.strings */,
				3F1AB5381A9714D600797296 /* Info.plist */,
			);
			name = "Supporting Files";
			sourceTree = "<group>";
		};
		3FC9A3511A9A018500ABC060 /* Preferences */ = {
			isa = PBXGroup;
			children = (
				3F159E141A99BE4C00160823 /* PreferenceController.h */,
				3F159E151A99BE4C00160823 /* PreferenceController.m */,
				3F159E121A99B90700160823 /* Preferences.xib */,
			);
			name = Preferences;
			sourceTree = "<group>";
		};
		3FC9A3521A9A019500ABC060 /* Popover Control */ = {
			isa = PBXGroup;
			children = (
				3F1AB5511A981F9200797296 /* TimerPopoverViewController.h */,
				3F1AB5521A981F9200797296 /* TimerPopoverViewController.m */,
				3F159E0A1A99AEF500160823 /* TimerPopoverView.xib */,
				3F1AB5491A97757900797296 /* TimerPopoverDelegate.h */,
				3F1AB54A1A97757900797296 /* TimerPopoverDelegate.m */,
				3F1AB5541A98200F00797296 /* TimerPopoverWindow.xib */,
			);
			name = "Popover Control";
			sourceTree = "<group>";
		};
		3FC9A3531A9A019E00ABC060 /* Timer */ = {
			isa = PBXGroup;
			children = (
				3F1AB5581A98904100797296 /* TimerInfo.h */,
				3F1AB5591A98904100797296 /* TimerInfo.m */,
				3F1AB54C1A97760000797296 /* TimerLogic.h */,
				3F1AB54D1A97760000797296 /* TimerLogic.m */,
			);
			name = Timer;
			sourceTree = "<group>";
		};
/* End PBXGroup section */

/* Begin PBXNativeTarget section */
		3F1AB51F1A9714D600797296 /* Halt */ = {
			isa = PBXNativeTarget;
			buildConfigurationList = 3F1AB53D1A9714D600797296 /* Build configuration list for PBXNativeTarget "Halt" */;
			buildPhases = (
				3F1AB51C1A9714D600797296 /* Sources */,
				3F1AB51D1A9714D600797296 /* Frameworks */,
				3F1AB51E1A9714D600797296 /* Resources */,
			);
			buildRules = (
			);
			dependencies = (
			);
			name = Halt;
			productName = Halt;
			productReference = 3F1AB5201A9714D600797296 /* Halt.app */;
			productType = "com.apple.product-type.application";
		};
		3F1AB5321A9714D600797296 /* HaltTests */ = {
			isa = PBXNativeTarget;
			buildConfigurationList = 3F1AB5401A9714D600797296 /* Build configuration list for PBXNativeTarget "HaltTests" */;
			buildPhases = (
				3F1AB52F1A9714D600797296 /* Sources */,
				3F1AB5301A9714D600797296 /* Frameworks */,
				3F1AB5311A9714D600797296 /* Resources */,
			);
			buildRules = (
			);
			dependencies = (
				3F1AB5351A9714D600797296 /* PBXTargetDependency */,
			);
			name = HaltTests;
			productName = HaltTests;
			productReference = 3F1AB5331A9714D600797296 /* HaltTests.xctest */;
			productType = "com.apple.product-type.bundle.unit-test";
		};
/* End PBXNativeTarget section */

/* Begin PBXProject section */
		3F1AB5181A9714D600797296 /* Project object */ = {
			isa = PBXProject;
			attributes = {
				LastUpgradeCheck = 0610;
				ORGANIZATIONNAME = Kanari;
				TargetAttributes = {
					3F1AB51F1A9714D600797296 = {
						CreatedOnToolsVersion = 6.1.1;
					};
					3F1AB5321A9714D600797296 = {
						CreatedOnToolsVersion = 6.1.1;
						TestTargetID = 3F1AB51F1A9714D600797296;
					};
				};
			};
			buildConfigurationList = 3F1AB51B1A9714D600797296 /* Build configuration list for PBXProject "Halt" */;
			compatibilityVersion = "Xcode 3.2";
			developmentRegion = English;
			hasScannedForEncodings = 0;
			knownRegions = (
				en,
				Base,
				"zh-Hans",
			);
			mainGroup = 3F1AB5171A9714D600797296;
			productRefGroup = 3F1AB5211A9714D600797296 /* Products */;
			projectDirPath = "";
			projectRoot = "";
			targets = (
				3F1AB51F1A9714D600797296 /* Halt */,
				3F1AB5321A9714D600797296 /* HaltTests */,
			);
		};
/* End PBXProject section */

/* Begin PBXResourcesBuildPhase section */
		3F1AB51E1A9714D600797296 /* Resources */ = {
			isa = PBXResourcesBuildPhase;
			buildActionMask = 2147483647;
			files = (
				3F159E131A99B90700160823 /* Preferences.xib in Resources */,
				3F1AB5551A98200F00797296 /* TimerPopoverWindow.xib in Resources */,
				3F30E05B1A99ACCF00FE5397 /* Localizable.strings in Resources */,
				3F159E081A99AEF500160823 /* TimerPopoverView.xib in Resources */,
				3F1AB52B1A9714D600797296 /* Images.xcassets in Resources */,
				3F1AB52E1A9714D600797296 /* MainMenu.xib in Resources */,
				3F30E0561A99ACCE00FE5397 /* InfoPlist.strings in Resources */,
			);
			runOnlyForDeploymentPostprocessing = 0;
		};
		3F1AB5311A9714D600797296 /* Resources */ = {
			isa = PBXResourcesBuildPhase;
			buildActionMask = 2147483647;
			files = (
				3F30E0511A99ACCE00FE5397 /* InfoPlist.strings in Resources */,
			);
			runOnlyForDeploymentPostprocessing = 0;
		};
/* End PBXResourcesBuildPhase section */

/* Begin PBXSourcesBuildPhase section */
		3F1AB51C1A9714D600797296 /* Sources */ = {
			isa = PBXSourcesBuildPhase;
			buildActionMask = 2147483647;
			files = (
				3F1AB5291A9714D600797296 /* main.m in Sources */,
				3F1AB54B1A97757900797296 /* TimerPopoverDelegate.m in Sources */,
				3F1AB5531A981F9200797296 /* TimerPopoverViewController.m in Sources */,
				3F1AB55A1A98904100797296 /* TimerInfo.m in Sources */,
				3F159E161A99BE4C00160823 /* PreferenceController.m in Sources */,
				3F1AB54E1A97760000797296 /* TimerLogic.m in Sources */,
				3F30E04C1A99A2A200FE5397 /* RHStatusItemView.m in Sources */,
				3F1AB5271A9714D600797296 /* AppDelegate.m in Sources */,
			);
			runOnlyForDeploymentPostprocessing = 0;
		};
		3F1AB52F1A9714D600797296 /* Sources */ = {
			isa = PBXSourcesBuildPhase;
			buildActionMask = 2147483647;
			files = (
				3F1AB53A1A9714D600797296 /* HaltTests.m in Sources */,
			);
			runOnlyForDeploymentPostprocessing = 0;
		};
/* End PBXSourcesBuildPhase section */

/* Begin PBXTargetDependency section */
		3F1AB5351A9714D600797296 /* PBXTargetDependency */ = {
			isa = PBXTargetDependency;
			target = 3F1AB51F1A9714D600797296 /* Halt */;
			targetProxy = 3F1AB5341A9714D600797296 /* PBXContainerItemProxy */;
		};
/* End PBXTargetDependency section */

/* Begin PBXVariantGroup section */
		3F159E0A1A99AEF500160823 /* TimerPopoverView.xib */ = {
			isa = PBXVariantGroup;
			children = (
				3F159E091A99AEF500160823 /* Base */,
				3F159E111A99B12500160823 /* zh-Hans */,
			);
			name = TimerPopoverView.xib;
			sourceTree = "<group>";
		};
		3F1AB52C1A9714D600797296 /* MainMenu.xib */ = {
			isa = PBXVariantGroup;
			children = (
				3F1AB52D1A9714D600797296 /* Base */,
				3F159E0F1A99B0F400160823 /* zh-Hans */,
			);
			name = MainMenu.xib;
			sourceTree = "<group>";
		};
		3F30E0531A99ACCE00FE5397 /* InfoPlist.strings */ = {
			isa = PBXVariantGroup;
			children = (
				3F30E0521A99ACCE00FE5397 /* zh-Hans */,
			);
			name = InfoPlist.strings;
			sourceTree = "<group>";
		};
		3F30E0581A99ACCE00FE5397 /* InfoPlist.strings */ = {
			isa = PBXVariantGroup;
			children = (
				3F30E0571A99ACCE00FE5397 /* zh-Hans */,
			);
			name = InfoPlist.strings;
			sourceTree = "<group>";
		};
		3F30E05D1A99ACCF00FE5397 /* Localizable.strings */ = {
			isa = PBXVariantGroup;
			children = (
				3F30E05C1A99ACCF00FE5397 /* zh-Hans */,
				3FC9A35B1A9B0A9800ABC060 /* en */,
			);
			name = Localizable.strings;
			sourceTree = "<group>";
		};
/* End PBXVariantGroup section */

/* Begin XCBuildConfiguration section */
		3F1AB53B1A9714D600797296 /* Debug */ = {
			isa = XCBuildConfiguration;
			buildSettings = {
				ALWAYS_SEARCH_USER_PATHS = NO;
				CLANG_CXX_LANGUAGE_STANDARD = "gnu++0x";
				CLANG_CXX_LIBRARY = "libc++";
				CLANG_ENABLE_MODULES = YES;
				CLANG_ENABLE_OBJC_ARC = YES;
				CLANG_WARN_BOOL_CONVERSION = YES;
				CLANG_WARN_CONSTANT_CONVERSION = YES;
				CLANG_WARN_DIRECT_OBJC_ISA_USAGE = YES_ERROR;
				CLANG_WARN_EMPTY_BODY = YES;
				CLANG_WARN_ENUM_CONVERSION = YES;
				CLANG_WARN_INT_CONVERSION = YES;
				CLANG_WARN_OBJC_ROOT_CLASS = YES_ERROR;
				CLANG_WARN_UNREACHABLE_CODE = YES;
				CLANG_WARN__DUPLICATE_METHOD_MATCH = YES;
				CODE_SIGN_IDENTITY = "-";
				COPY_PHASE_STRIP = NO;
				ENABLE_STRICT_OBJC_MSGSEND = YES;
				GCC_C_LANGUAGE_STANDARD = gnu99;
				GCC_DYNAMIC_NO_PIC = NO;
				GCC_OPTIMIZATION_LEVEL = 0;
				GCC_PREPROCESSOR_DEFINITIONS = (
					"DEBUG=1",
					"$(inherited)",
				);
				GCC_SYMBOLS_PRIVATE_EXTERN = NO;
				GCC_WARN_64_TO_32_BIT_CONVERSION = YES;
				GCC_WARN_ABOUT_RETURN_TYPE = YES_ERROR;
				GCC_WARN_UNDECLARED_SELECTOR = YES;
				GCC_WARN_UNINITIALIZED_AUTOS = YES_AGGRESSIVE;
				GCC_WARN_UNUSED_FUNCTION = YES;
				GCC_WARN_UNUSED_VARIABLE = YES;
				MACOSX_DEPLOYMENT_TARGET = 10.10;
				MTL_ENABLE_DEBUG_INFO = YES;
				ONLY_ACTIVE_ARCH = YES;
				SDKROOT = macosx;
			};
			name = Debug;
		};
		3F1AB53C1A9714D600797296 /* Release */ = {
			isa = XCBuildConfiguration;
			buildSettings = {
				ALWAYS_SEARCH_USER_PATHS = NO;
				CLANG_CXX_LANGUAGE_STANDARD = "gnu++0x";
				CLANG_CXX_LIBRARY = "libc++";
				CLANG_ENABLE_MODULES = YES;
				CLANG_ENABLE_OBJC_ARC = YES;
				CLANG_WARN_BOOL_CONVERSION = YES;
				CLANG_WARN_CONSTANT_CONVERSION = YES;
				CLANG_WARN_DIRECT_OBJC_ISA_USAGE = YES_ERROR;
				CLANG_WARN_EMPTY_BODY = YES;
				CLANG_WARN_ENUM_CONVERSION = YES;
				CLANG_WARN_INT_CONVERSION = YES;
				CLANG_WARN_OBJC_ROOT_CLASS = YES_ERROR;
				CLANG_WARN_UNREACHABLE_CODE = YES;
				CLANG_WARN__DUPLICATE_METHOD_MATCH = YES;
				CODE_SIGN_IDENTITY = "-";
				COPY_PHASE_STRIP = YES;
				DEBUG_INFORMATION_FORMAT = "dwarf-with-dsym";
				ENABLE_NS_ASSERTIONS = NO;
				ENABLE_STRICT_OBJC_MSGSEND = YES;
				GCC_C_LANGUAGE_STANDARD = gnu99;
				GCC_WARN_64_TO_32_BIT_CONVERSION = YES;
				GCC_WARN_ABOUT_RETURN_TYPE = YES_ERROR;
				GCC_WARN_UNDECLARED_SELECTOR = YES;
				GCC_WARN_UNINITIALIZED_AUTOS = YES_AGGRESSIVE;
				GCC_WARN_UNUSED_FUNCTION = YES;
				GCC_WARN_UNUSED_VARIABLE = YES;
				MACOSX_DEPLOYMENT_TARGET = 10.10;
				MTL_ENABLE_DEBUG_INFO = NO;
				SDKROOT = macosx;
			};
			name = Release;
		};
		3F1AB53E1A9714D600797296 /* Debug */ = {
			isa = XCBuildConfiguration;
			buildSettings = {
				ASSETCATALOG_COMPILER_APPICON_NAME = AppIcon;
				COMBINE_HIDPI_IMAGES = YES;
				INFOPLIST_FILE = Halt/Info.plist;
				LD_RUNPATH_SEARCH_PATHS = "$(inherited) @executable_path/../Frameworks";
				PRODUCT_NAME = "$(TARGET_NAME)";
			};
			name = Debug;
		};
		3F1AB53F1A9714D600797296 /* Release */ = {
			isa = XCBuildConfiguration;
			buildSettings = {
				ASSETCATALOG_COMPILER_APPICON_NAME = AppIcon;
				COMBINE_HIDPI_IMAGES = YES;
				INFOPLIST_FILE = Halt/Info.plist;
				LD_RUNPATH_SEARCH_PATHS = "$(inherited) @executable_path/../Frameworks";
				PRODUCT_NAME = "$(TARGET_NAME)";
			};
			name = Release;
		};
		3F1AB5411A9714D600797296 /* Debug */ = {
			isa = XCBuildConfiguration;
			buildSettings = {
				BUNDLE_LOADER = "$(TEST_HOST)";
				COMBINE_HIDPI_IMAGES = YES;
				FRAMEWORK_SEARCH_PATHS = (
					"$(DEVELOPER_FRAMEWORKS_DIR)",
					"$(inherited)",
				);
				GCC_PREPROCESSOR_DEFINITIONS = (
					"DEBUG=1",
					"$(inherited)",
				);
				INFOPLIST_FILE = HaltTests/Info.plist;
				LD_RUNPATH_SEARCH_PATHS = "$(inherited) @executable_path/../Frameworks @loader_path/../Frameworks";
				PRODUCT_NAME = "$(TARGET_NAME)";
				TEST_HOST = "$(BUILT_PRODUCTS_DIR)/Halt.app/Contents/MacOS/Halt";
			};
			name = Debug;
		};
		3F1AB5421A9714D600797296 /* Release */ = {
			isa = XCBuildConfiguration;
			buildSettings = {
				BUNDLE_LOADER = "$(TEST_HOST)";
				COMBINE_HIDPI_IMAGES = YES;
				FRAMEWORK_SEARCH_PATHS = (
					"$(DEVELOPER_FRAMEWORKS_DIR)",
					"$(inherited)",
				);
				INFOPLIST_FILE = HaltTests/Info.plist;
				LD_RUNPATH_SEARCH_PATHS = "$(inherited) @executable_path/../Frameworks @loader_path/../Frameworks";
				PRODUCT_NAME = "$(TARGET_NAME)";
				TEST_HOST = "$(BUILT_PRODUCTS_DIR)/Halt.app/Contents/MacOS/Halt";
			};
			name = Release;
		};
/* End XCBuildConfiguration section */

/* Begin XCConfigurationList section */
		3F1AB51B1A9714D600797296 /* Build configuration list for PBXProject "Halt" */ = {
			isa = XCConfigurationList;
			buildConfigurations = (
				3F1AB53B1A9714D600797296 /* Debug */,
				3F1AB53C1A9714D600797296 /* Release */,
			);
			defaultConfigurationIsVisible = 0;
			defaultConfigurationName = Release;
		};
		3F1AB53D1A9714D600797296 /* Build configuration list for PBXNativeTarget "Halt" */ = {
			isa = XCConfigurationList;
			buildConfigurations = (
				3F1AB53E1A9714D600797296 /* Debug */,
				3F1AB53F1A9714D600797296 /* Release */,
			);
			defaultConfigurationIsVisible = 0;
			defaultConfigurationName = Release;
		};
		3F1AB5401A9714D600797296 /* Build configuration list for PBXNativeTarget "HaltTests" */ = {
			isa = XCConfigurationList;
			buildConfigurations = (
				3F1AB5411A9714D600797296 /* Debug */,
				3F1AB5421A9714D600797296 /* Release */,
			);
			defaultConfigurationIsVisible = 0;
			defaultConfigurationName = Release;
		};
/* End XCConfigurationList section */
	};
	rootObject = 3F1AB5181A9714D600797296 /* Project object */;
}
